
Microsoft Visual Studio Solution File, Format Version 12.00
# Visual Studio Version 16
VisualStudioVersion = 16.0.32126.315
MinimumVisualStudioVersion = 10.0.40219.1
Project("{9A19103F-16F7-4668-BE54-9A1E7A4F7556}") = "1.1.2.helloword", "1.1.2.helloword.csproj", "{A21A4236-6F3D-4E61-98B2-014448E3E955}"
EndProject
Global
	GlobalSection(SolutionConfigurationPlatforms) = preSolution
		Debug|Any CPU = Debug|Any CPU
		Release|Any CPU = Release|Any CPU
	EndGlobalSection
	GlobalSection(ProjectConfigurationPlatforms) = postSolution
		{A21A4236-6F3D-4E61-98B2-014448E3E955}.Debug|Any CPU.ActiveCfg = Debug|Any CPU
		{A21A4236-6F3D-4E61-98B2-014448E3E955}.Debug|Any CPU.Build.0 = Debug|Any CPU
		{A21A4236-6F3D-4E61-98B2-014448E3E955}.Release|Any CPU.ActiveCfg = Release|Any CPU
		{A21A4236-6F3D-4E61-98B2-014448E3E955}.Release|Any CPU.Build.0 = Release|Any CPU
	EndGlobalSection
	GlobalSection(SolutionProperties) = preSolution
		HideSolutionNode = FALSE
	EndGlobalSection
	GlobalSection(ExtensibilityGlobals) = postSolution
		SolutionGuid = {394F9221-39F5-4731-8B9A-0A6F99CA5D9A}
	EndGlobalSection
EndGlobal
